
Microsoft Visual Studio Solution File, Format Version 12.00
# Visual Studio Version 17
VisualStudioVersion = 17.0.31903.59
MinimumVisualStudioVersion = 10.0.40219.1
Project("{FAE04EC0-301F-11D3-BF4B-00C04F79EFBC}") = "FlightSearch.Core", "FlightSearch.Core\FlightSearch.Core.csproj", "{EFC9943A-9B46-410A-A65A-2EA6201FC974}"
EndProject
Project("{FAE04EC0-301F-11D3-BF4B-00C04F79EFBC}") = "FlightSearch.Adapters.Database", "FlightSearch.Adapters.Database\FlightSearch.Adapters.Database.csproj", "{61E6EDD0-8602-47CC-8350-7114268B9C14}"
EndProject
Project("{FAE04EC0-301F-11D3-BF4B-00C04F79EFBC}") = "FlightSearch.Adapters.Amadeus", "FlightSearch.Adapters.Amadeus\FlightSearch.Adapters.Amadeus.csproj", "{26F2CA46-806A-4703-890E-D251419D0756}"
EndProject
Project("{FAE04EC0-301F-11D3-BF4B-00C04F79EFBC}") = "FlightSearch.Adapters.Skyscanner", "FlightSearch.Adapters.Skyscanner\FlightSearch.Adapters.Skyscanner.csproj", "{9185F860-7E99-48DE-B0C5-8A01250D0124}"
EndProject
Project("{FAE04EC0-301F-11D3-BF4B-00C04F79EFBC}") = "FlightSearch.Adapters.Aviationstack", "FlightSearch.Adapters.Aviationstack\FlightSearch.Adapters.Aviationstack.csproj", "{7CBA6AED-0450-4CFC-978D-8C6CB5145EB0}"
EndProject
Project("{2150E333-8FDC-42A3-9474-1A3956D46DE8}") = "Domain", "Domain", "{02EA681E-C7D8-13C7-8484-4AC65E1B71E8}"
EndProject
Project("{2150E333-8FDC-42A3-9474-1A3956D46DE8}") = "DrivenAdapters", "DrivenAdapters", "{FCF95647-FF40-4A09-935A-0C7DA1F14FE2}"
EndProject
Project("{FAE04EC0-301F-11D3-BF4B-00C04F79EFBC}") = "FlightSearch.Adapters.SNS", "FlightSearch.Adapters.SNS\FlightSearch.Adapters.SNS.csproj", "{B3719260-ABB2-4304-A2C4-52AFAA2F832F}"
EndProject
Project("{FAE04EC0-301F-11D3-BF4B-00C04F79EFBC}") = "FlightSearch.Adapters.SQS", "FlightSearch.Adapters.SQS\FlightSearch.Adapters.SQS.csproj", "{93030329-926A-410A-B8F7-FBC7FA82CEFE}"
EndProject
Project("{FAE04EC0-301F-11D3-BF4B-00C04F79EFBC}") = "FlightSearch.Host", "FlightSearch.Host\FlightSearch.Host.csproj", "{15F29AA1-01DA-432D-9CE1-BBE73D7C5B74}"
EndProject
Project("{2150E333-8FDC-42A3-9474-1A3956D46DE8}") = "DrivingAdapters", "DrivingAdapters", "{FCA166FF-F1FF-469F-B07A-FEED1CAD261B}"
EndProject
Global
	GlobalSection(SolutionConfigurationPlatforms) = preSolution
		Debug|Any CPU = Debug|Any CPU
		Debug|x64 = Debug|x64
		Debug|x86 = Debug|x86
		Release|Any CPU = Release|Any CPU
		Release|x64 = Release|x64
		Release|x86 = Release|x86
	EndGlobalSection
	GlobalSection(ProjectConfigurationPlatforms) = postSolution
		{EFC9943A-9B46-410A-A65A-2EA6201FC974}.Debug|Any CPU.ActiveCfg = Debug|Any CPU
		{EFC9943A-9B46-410A-A65A-2EA6201FC974}.Debug|Any CPU.Build.0 = Debug|Any CPU
		{EFC9943A-9B46-410A-A65A-2EA6201FC974}.Debug|x64.ActiveCfg = Debug|Any CPU
		{EFC9943A-9B46-410A-A65A-2EA6201FC974}.Debug|x64.Build.0 = Debug|Any CPU
		{EFC9943A-9B46-410A-A65A-2EA6201FC974}.Debug|x86.ActiveCfg = Debug|Any CPU
		{EFC9943A-9B46-410A-A65A-2EA6201FC974}.Debug|x86.Build.0 = Debug|Any CPU
		{EFC9943A-9B46-410A-A65A-2EA6201FC974}.Release|Any CPU.ActiveCfg = Release|Any CPU
		{EFC9943A-9B46-410A-A65A-2EA6201FC974}.Release|Any CPU.Build.0 = Release|Any CPU
		{EFC9943A-9B46-410A-A65A-2EA6201FC974}.Release|x64.ActiveCfg = Release|Any CPU
		{EFC9943A-9B46-410A-A65A-2EA6201FC974}.Release|x64.Build.0 = Release|Any CPU
		{EFC9943A-9B46-410A-A65A-2EA6201FC974}.Release|x86.ActiveCfg = Release|Any CPU
		{EFC9943A-9B46-410A-A65A-2EA6201FC974}.Release|x86.Build.0 = Release|Any CPU
		{61E6EDD0-8602-47CC-8350-7114268B9C14}.Debug|Any CPU.ActiveCfg = Debug|Any CPU
		{61E6EDD0-8602-47CC-8350-7114268B9C14}.Debug|Any CPU.Build.0 = Debug|Any CPU
		{61E6EDD0-8602-47CC-8350-7114268B9C14}.Debug|x64.ActiveCfg = Debug|Any CPU
		{61E6EDD0-8602-47CC-8350-7114268B9C14}.Debug|x64.Build.0 = Debug|Any CPU
		{61E6EDD0-8602-47CC-8350-7114268B9C14}.Debug|x86.ActiveCfg = Debug|Any CPU
		{61E6EDD0-8602-47CC-8350-7114268B9C14}.Debug|x86.Build.0 = Debug|Any CPU
		{61E6EDD0-8602-47CC-8350-7114268B9C14}.Release|Any CPU.ActiveCfg = Release|Any CPU
		{61E6EDD0-8602-47CC-8350-7114268B9C14}.Release|Any CPU.Build.0 = Release|Any CPU
		{61E6EDD0-8602-47CC-8350-7114268B9C14}.Release|x64.ActiveCfg = Release|Any CPU
		{61E6EDD0-8602-47CC-8350-7114268B9C14}.Release|x64.Build.0 = Release|Any CPU
		{61E6EDD0-8602-47CC-8350-7114268B9C14}.Release|x86.ActiveCfg = Release|Any CPU
		{61E6EDD0-8602-47CC-8350-7114268B9C14}.Release|x86.Build.0 = Release|Any CPU
		{26F2CA46-806A-4703-890E-D251419D0756}.Debug|Any CPU.ActiveCfg = Debug|Any CPU
		{26F2CA46-806A-4703-890E-D251419D0756}.Debug|Any CPU.Build.0 = Debug|Any CPU
		{26F2CA46-806A-4703-890E-D251419D0756}.Debug|x64.ActiveCfg = Debug|Any CPU
		{26F2CA46-806A-4703-890E-D251419D0756}.Debug|x64.Build.0 = Debug|Any CPU
		{26F2CA46-806A-4703-890E-D251419D0756}.Debug|x86.ActiveCfg = Debug|Any CPU
		{26F2CA46-806A-4703-890E-D251419D0756}.Debug|x86.Build.0 = Debug|Any CPU
		{26F2CA46-806A-4703-890E-D251419D0756}.Release|Any CPU.ActiveCfg = Release|Any CPU
		{26F2CA46-806A-4703-890E-D251419D0756}.Release|Any CPU.Build.0 = Release|Any CPU
		{26F2CA46-806A-4703-890E-D251419D0756}.Release|x64.ActiveCfg = Release|Any CPU
		{26F2CA46-806A-4703-890E-D251419D0756}.Release|x64.Build.0 = Release|Any CPU
		{26F2CA46-806A-4703-890E-D251419D0756}.Release|x86.ActiveCfg = Release|Any CPU
		{26F2CA46-806A-4703-890E-D251419D0756}.Release|x86.Build.0 = Release|Any CPU
		{9185F860-7E99-48DE-B0C5-8A01250D0124}.Debug|Any CPU.ActiveCfg = Debug|Any CPU
		{9185F860-7E99-48DE-B0C5-8A01250D0124}.Debug|Any CPU.Build.0 = Debug|Any CPU
		{9185F860-7E99-48DE-B0C5-8A01250D0124}.Debug|x64.ActiveCfg = Debug|Any CPU
		{9185F860-7E99-48DE-B0C5-8A01250D0124}.Debug|x64.Build.0 = Debug|Any CPU
		{9185F860-7E99-48DE-B0C5-8A01250D0124}.Debug|x86.ActiveCfg = Debug|Any CPU
		{9185F860-7E99-48DE-B0C5-8A01250D0124}.Debug|x86.Build.0 = Debug|Any CPU
		{9185F860-7E99-48DE-B0C5-8A01250D0124}.Release|Any CPU.ActiveCfg = Release|Any CPU
		{9185F860-7E99-48DE-B0C5-8A01250D0124}.Release|Any CPU.Build.0 = Release|Any CPU
		{9185F860-7E99-48DE-B0C5-8A01250D0124}.Release|x64.ActiveCfg = Release|Any CPU
		{9185F860-7E99-48DE-B0C5-8A01250D0124}.Release|x64.Build.0 = Release|Any CPU
		{9185F860-7E99-48DE-B0C5-8A01250D0124}.Release|x86.ActiveCfg = Release|Any CPU
		{9185F860-7E99-48DE-B0C5-8A01250D0124}.Release|x86.Build.0 = Release|Any CPU
		{7CBA6AED-0450-4CFC-978D-8C6CB5145EB0}.Debug|Any CPU.ActiveCfg = Debug|Any CPU
		{7CBA6AED-0450-4CFC-978D-8C6CB5145EB0}.Debug|Any CPU.Build.0 = Debug|Any CPU
		{7CBA6AED-0450-4CFC-978D-8C6CB5145EB0}.Debug|x64.ActiveCfg = Debug|Any CPU
		{7CBA6AED-0450-4CFC-978D-8C6CB5145EB0}.Debug|x64.Build.0 = Debug|Any CPU
		{7CBA6AED-0450-4CFC-978D-8C6CB5145EB0}.Debug|x86.ActiveCfg = Debug|Any CPU
		{7CBA6AED-0450-4CFC-978D-8C6CB5145EB0}.Debug|x86.Build.0 = Debug|Any CPU
		{7CBA6AED-0450-4CFC-978D-8C6CB5145EB0}.Release|Any CPU.ActiveCfg = Release|Any CPU
		{7CBA6AED-0450-4CFC-978D-8C6CB5145EB0}.Release|Any CPU.Build.0 = Release|Any CPU
		{7CBA6AED-0450-4CFC-978D-8C6CB5145EB0}.Release|x64.ActiveCfg = Release|Any CPU
		{7CBA6AED-0450-4CFC-978D-8C6CB5145EB0}.Release|x64.Build.0 = Release|Any CPU
		{7CBA6AED-0450-4CFC-978D-8C6CB5145EB0}.Release|x86.ActiveCfg = Release|Any CPU
		{7CBA6AED-0450-4CFC-978D-8C6CB5145EB0}.Release|x86.Build.0 = Release|Any CPU
		{B3719260-ABB2-4304-A2C4-52AFAA2F832F}.Debug|Any CPU.ActiveCfg = Debug|Any CPU
		{B3719260-ABB2-4304-A2C4-52AFAA2F832F}.Debug|Any CPU.Build.0 = Debug|Any CPU
		{B3719260-ABB2-4304-A2C4-52AFAA2F832F}.Debug|x64.ActiveCfg = Debug|Any CPU
		{B3719260-ABB2-4304-A2C4-52AFAA2F832F}.Debug|x64.Build.0 = Debug|Any CPU
		{B3719260-ABB2-4304-A2C4-52AFAA2F832F}.Debug|x86.ActiveCfg = Debug|Any CPU
		{B3719260-ABB2-4304-A2C4-52AFAA2F832F}.Debug|x86.Build.0 = Debug|Any CPU
		{B3719260-ABB2-4304-A2C4-52AFAA2F832F}.Release|Any CPU.ActiveCfg = Release|Any CPU
		{B3719260-ABB2-4304-A2C4-52AFAA2F832F}.Release|Any CPU.Build.0 = Release|Any CPU
		{B3719260-ABB2-4304-A2C4-52AFAA2F832F}.Release|x64.ActiveCfg = Release|Any CPU
		{B3719260-ABB2-4304-A2C4-52AFAA2F832F}.Release|x64.Build.0 = Release|Any CPU
		{B3719260-ABB2-4304-A2C4-52AFAA2F832F}.Release|x86.ActiveCfg = Release|Any CPU
		{B3719260-ABB2-4304-A2C4-52AFAA2F832F}.Release|x86.Build.0 = Release|Any CPU
		{93030329-926A-410A-B8F7-FBC7FA82CEFE}.Debug|Any CPU.ActiveCfg = Debug|Any CPU
		{93030329-926A-410A-B8F7-FBC7FA82CEFE}.Debug|Any CPU.Build.0 = Debug|Any CPU
		{93030329-926A-410A-B8F7-FBC7FA82CEFE}.Debug|x64.ActiveCfg = Debug|Any CPU
		{93030329-926A-410A-B8F7-FBC7FA82CEFE}.Debug|x64.Build.0 = Debug|Any CPU
		{93030329-926A-410A-B8F7-FBC7FA82CEFE}.Debug|x86.ActiveCfg = Debug|Any CPU
		{93030329-926A-410A-B8F7-FBC7FA82CEFE}.Debug|x86.Build.0 = Debug|Any CPU
		{93030329-926A-410A-B8F7-FBC7FA82CEFE}.Release|Any CPU.ActiveCfg = Release|Any CPU
		{93030329-926A-410A-B8F7-FBC7FA82CEFE}.Release|Any CPU.Build.0 = Release|Any CPU
		{93030329-926A-410A-B8F7-FBC7FA82CEFE}.Release|x64.ActiveCfg = Release|Any CPU
		{93030329-926A-410A-B8F7-FBC7FA82CEFE}.Release|x64.Build.0 = Release|Any CPU
		{93030329-926A-410A-B8F7-FBC7FA82CEFE}.Release|x86.ActiveCfg = Release|Any CPU
		{93030329-926A-410A-B8F7-FBC7FA82CEFE}.Release|x86.Build.0 = Release|Any CPU
		{15F29AA1-01DA-432D-9CE1-BBE73D7C5B74}.Debug|Any CPU.ActiveCfg = Debug|Any CPU
		{15F29AA1-01DA-432D-9CE1-BBE73D7C5B74}.Debug|Any CPU.Build.0 = Debug|Any CPU
		{15F29AA1-01DA-432D-9CE1-BBE73D7C5B74}.Debug|x64.ActiveCfg = Debug|Any CPU
		{15F29AA1-01DA-432D-9CE1-BBE73D7C5B74}.Debug|x64.Build.0 = Debug|Any CPU
		{15F29AA1-01DA-432D-9CE1-BBE73D7C5B74}.Debug|x86.ActiveCfg = Debug|Any CPU
		{15F29AA1-01DA-432D-9CE1-BBE73D7C5B74}.Debug|x86.Build.0 = Debug|Any CPU
		{15F29AA1-01DA-432D-9CE1-BBE73D7C5B74}.Release|Any CPU.ActiveCfg = Release|Any CPU
		{15F29AA1-01DA-432D-9CE1-BBE73D7C5B74}.Release|Any CPU.Build.0 = Release|Any CPU
		{15F29AA1-01DA-432D-9CE1-BBE73D7C5B74}.Release|x64.ActiveCfg = Release|Any CPU
		{15F29AA1-01DA-432D-9CE1-BBE73D7C5B74}.Release|x64.Build.0 = Release|Any CPU
		{15F29AA1-01DA-432D-9CE1-BBE73D7C5B74}.Release|x86.ActiveCfg = Release|Any CPU
		{15F29AA1-01DA-432D-9CE1-BBE73D7C5B74}.Release|x86.Build.0 = Release|Any CPU
	EndGlobalSection
	GlobalSection(SolutionProperties) = preSolution
		HideSolutionNode = FALSE
	EndGlobalSection
	GlobalSection(NestedProjects) = preSolution
		{EFC9943A-9B46-410A-A65A-2EA6201FC974} = {02EA681E-C7D8-13C7-8484-4AC65E1B71E8}
		{61E6EDD0-8602-47CC-8350-7114268B9C14} = {FCF95647-FF40-4A09-935A-0C7DA1F14FE2}
		{26F2CA46-806A-4703-890E-D251419D0756} = {FCF95647-FF40-4A09-935A-0C7DA1F14FE2}
		{9185F860-7E99-48DE-B0C5-8A01250D0124} = {FCF95647-FF40-4A09-935A-0C7DA1F14FE2}
		{7CBA6AED-0450-4CFC-978D-8C6CB5145EB0} = {FCF95647-FF40-4A09-935A-0C7DA1F14FE2}
		{B3719260-ABB2-4304-A2C4-52AFAA2F832F} = {FCF95647-FF40-4A09-935A-0C7DA1F14FE2}
		{93030329-926A-410A-B8F7-FBC7FA82CEFE} = {FCF95647-FF40-4A09-935A-0C7DA1F14FE2}
		{15F29AA1-01DA-432D-9CE1-BBE73D7C5B74} = {FCA166FF-F1FF-469F-B07A-FEED1CAD261B}
	EndGlobalSection
	GlobalSection(ExtensibilityGlobals) = postSolution
		SolutionGuid = {A0808DCA-B5F4-4825-B063-C08333C6DA5A}
	EndGlobalSection
EndGlobal
